// !$*UTF8*$!
{
	archiveVersion = 1;
	classes = {
	};
	objectVersion = 56;
	objects = {

/* Begin PBXBuildFile section */
		119FBC1229EEE9A30041694B /* AppDelegate.swift in Sources */ = {isa = PBXBuildFile; fileRef = 119FBC1129EEE9A30041694B /* AppDelegate.swift */; };
		119FBC1429EEE9A30041694B /* SceneDelegate.swift in Sources */ = {isa = PBXBuildFile; fileRef = 119FBC1329EEE9A30041694B /* SceneDelegate.swift */; };
		119FBC1629EEE9A30041694B /* ViewController.swift in Sources */ = {isa = PBXBuildFile; fileRef = 119FBC1529EEE9A30041694B /* ViewController.swift */; };
		119FBC1929EEE9A30041694B /* Main.storyboard in Resources */ = {isa = PBXBuildFile; fileRef = 119FBC1729EEE9A30041694B /* Main.storyboard */; };
		119FBC1B29EEE9A40041694B /* Assets.xcassets in Resources */ = {isa = PBXBuildFile; fileRef = 119FBC1A29EEE9A40041694B /* Assets.xcassets */; };
		119FBC1E29EEE9A40041694B /* LaunchScreen.storyboard in Resources */ = {isa = PBXBuildFile; fileRef = 119FBC1C29EEE9A40041694B /* LaunchScreen.storyboard */; };
		119FBC2929EEE9A40041694B /* NotUygulamasiTests.swift in Sources */ = {isa = PBXBuildFile; fileRef = 119FBC2829EEE9A40041694B /* NotUygulamasiTests.swift */; };
		119FBC3329EEE9A40041694B /* NotUygulamasiUITests.swift in Sources */ = {isa = PBXBuildFile; fileRef = 119FBC3229EEE9A40041694B /* NotUygulamasiUITests.swift */; };
		119FBC3529EEE9A40041694B /* NotUygulamasiUITestsLaunchTests.swift in Sources */ = {isa = PBXBuildFile; fileRef = 119FBC3429EEE9A40041694B /* NotUygulamasiUITestsLaunchTests.swift */; };
		119FBC4229EEEAF70041694B /* NotHucreTableViewCell.swift in Sources */ = {isa = PBXBuildFile; fileRef = 119FBC4129EEEAF70041694B /* NotHucreTableViewCell.swift */; };
		119FBC4429EEEC3B0041694B /* NotEkleViewController.swift in Sources */ = {isa = PBXBuildFile; fileRef = 119FBC4329EEEC3B0041694B /* NotEkleViewController.swift */; };
		119FBC4629EEEC500041694B /* NotDetayViewController.swift in Sources */ = {isa = PBXBuildFile; fileRef = 119FBC4529EEEC500041694B /* NotDetayViewController.swift */; };
		119FBC4829EEEE510041694B /* Notlar.swift in Sources */ = {isa = PBXBuildFile; fileRef = 119FBC4729EEEE510041694B /* Notlar.swift */; };
		119FBC4B29EEF1780041694B /* libsqlite3.tbd in Frameworks */ = {isa = PBXBuildFile; fileRef = 119FBC4A29EEF1730041694B /* libsqlite3.tbd */; };
		119FBC5829EEF1870041694B /* FMResultSet.m in Sources */ = {isa = PBXBuildFile; fileRef = 119FBC4E29EEF1860041694B /* FMResultSet.m */; };
		119FBC5929EEF1870041694B /* FMDatabase.m in Sources */ = {isa = PBXBuildFile; fileRef = 119FBC4F29EEF1860041694B /* FMDatabase.m */; };
		119FBC5A29EEF1870041694B /* FMDatabaseQueue.m in Sources */ = {isa = PBXBuildFile; fileRef = 119FBC5029EEF1860041694B /* FMDatabaseQueue.m */; };
		119FBC5B29EEF1870041694B /* FMDatabasePool.m in Sources */ = {isa = PBXBuildFile; fileRef = 119FBC5229EEF1860041694B /* FMDatabasePool.m */; };
		119FBC5C29EEF1870041694B /* FMDatabaseAdditions.m in Sources */ = {isa = PBXBuildFile; fileRef = 119FBC5529EEF1870041694B /* FMDatabaseAdditions.m */; };
		119FBC5E29EEF21C0041694B /* notlar.sqlite in Resources */ = {isa = PBXBuildFile; fileRef = 119FBC5D29EEF21C0041694B /* notlar.sqlite */; };
		119FBC6029EEF2800041694B /* Notlardao.swift in Sources */ = {isa = PBXBuildFile; fileRef = 119FBC5F29EEF2800041694B /* Notlardao.swift */; };
/* End PBXBuildFile section */

/* Begin PBXContainerItemProxy section */
		119FBC2529EEE9A40041694B /* PBXContainerItemProxy */ = {
			isa = PBXContainerItemProxy;
			containerPortal = 119FBC0629EEE9A30041694B /* Project object */;
			proxyType = 1;
			remoteGlobalIDString = 119FBC0D29EEE9A30041694B;
			remoteInfo = NotUygulamasi;
		};
		119FBC2F29EEE9A40041694B /* PBXContainerItemProxy */ = {
			isa = PBXContainerItemProxy;
			containerPortal = 119FBC0629EEE9A30041694B /* Project object */;
			proxyType = 1;
			remoteGlobalIDString = 119FBC0D29EEE9A30041694B;
			remoteInfo = NotUygulamasi;
		};
/* End PBXContainerItemProxy section */

/* Begin PBXFileReference section */
		119FBC0E29EEE9A30041694B /* NotUygulamasi.app */ = {isa = PBXFileReference; explicitFileType = wrapper.application; includeInIndex = 0; path = NotUygulamasi.app; sourceTree = BUILT_PRODUCTS_DIR; };
		119FBC1129EEE9A30041694B /* AppDelegate.swift */ = {isa = PBXFileReference; lastKnownFileType = sourcecode.swift; path = AppDelegate.swift; sourceTree = "<group>"; };
		119FBC1329EEE9A30041694B /* SceneDelegate.swift */ = {isa = PBXFileReference; lastKnownFileType = sourcecode.swift; path = SceneDelegate.swift; sourceTree = "<group>"; };
		119FBC1529EEE9A30041694B /* ViewController.swift */ = {isa = PBXFileReference; lastKnownFileType = sourcecode.swift; path = ViewController.swift; sourceTree = "<group>"; };
		119FBC1829EEE9A30041694B /* Base */ = {isa = PBXFileReference; lastKnownFileType = file.storyboard; name = Base; path = Base.lproj/Main.storyboard; sourceTree = "<group>"; };
		119FBC1A29EEE9A40041694B /* Assets.xcassets */ = {isa = PBXFileReference; lastKnownFileType = folder.assetcatalog; path = Assets.xcassets; sourceTree = "<group>"; };
		119FBC1D29EEE9A40041694B /* Base */ = {isa = PBXFileReference; lastKnownFileType = file.storyboard; name = Base; path = Base.lproj/LaunchScreen.storyboard; sourceTree = "<group>"; };
		119FBC1F29EEE9A40041694B /* Info.plist */ = {isa = PBXFileReference; lastKnownFileType = text.plist.xml; path = Info.plist; sourceTree = "<group>"; };
		119FBC2429EEE9A40041694B /* NotUygulamasiTests.xctest */ = {isa = PBXFileReference; explicitFileType = wrapper.cfbundle; includeInIndex = 0; path = NotUygulamasiTests.xctest; sourceTree = BUILT_PRODUCTS_DIR; };
		119FBC2829EEE9A40041694B /* NotUygulamasiTests.swift */ = {isa = PBXFileReference; lastKnownFileType = sourcecode.swift; path = NotUygulamasiTests.swift; sourceTree = "<group>"; };
		119FBC2E29EEE9A40041694B /* NotUygulamasiUITests.xctest */ = {isa = PBXFileReference; explicitFileType = wrapper.cfbundle; includeInIndex = 0; path = NotUygulamasiUITests.xctest; sourceTree = BUILT_PRODUCTS_DIR; };
		119FBC3229EEE9A40041694B /* NotUygulamasiUITests.swift */ = {isa = PBXFileReference; lastKnownFileType = sourcecode.swift; path = NotUygulamasiUITests.swift; sourceTree = "<group>"; };
		119FBC3429EEE9A40041694B /* NotUygulamasiUITestsLaunchTests.swift */ = {isa = PBXFileReference; lastKnownFileType = sourcecode.swift; path = NotUygulamasiUITestsLaunchTests.swift; sourceTree = "<group>"; };
		119FBC4129EEEAF70041694B /* NotHucreTableViewCell.swift */ = {isa = PBXFileReference; lastKnownFileType = sourcecode.swift; path = NotHucreTableViewCell.swift; sourceTree = "<group>"; };
		119FBC4329EEEC3B0041694B /* NotEkleViewController.swift */ = {isa = PBXFileReference; lastKnownFileType = sourcecode.swift; path = NotEkleViewController.swift; sourceTree = "<group>"; };
		119FBC4529EEEC500041694B /* NotDetayViewController.swift */ = {isa = PBXFileReference; lastKnownFileType = sourcecode.swift; path = NotDetayViewController.swift; sourceTree = "<group>"; };
		119FBC4729EEEE510041694B /* Notlar.swift */ = {isa = PBXFileReference; lastKnownFileType = sourcecode.swift; path = Notlar.swift; sourceTree = "<group>"; };
		119FBC4A29EEF1730041694B /* libsqlite3.tbd */ = {isa = PBXFileReference; lastKnownFileType = "sourcecode.text-based-dylib-definition"; name = libsqlite3.tbd; path = usr/lib/libsqlite3.tbd; sourceTree = SDKROOT; };
		119FBC4C29EEF1850041694B /* NotUygulamasi-Bridging-Header.h */ = {isa = PBXFileReference; lastKnownFileType = sourcecode.c.h; path = "NotUygulamasi-Bridging-Header.h"; sourceTree = "<group>"; };
		119FBC4D29EEF1850041694B /* FMDatabasePool.h */ = {isa = PBXFileReference; fileEncoding = 4; lastKnownFileType = sourcecode.c.h; path = FMDatabasePool.h; sourceTree = "<group>"; };
		119FBC4E29EEF1860041694B /* FMResultSet.m */ = {isa = PBXFileReference; fileEncoding = 4; lastKnownFileType = sourcecode.c.objc; path = FMResultSet.m; sourceTree = "<group>"; };
		119FBC4F29EEF1860041694B /* FMDatabase.m */ = {isa = PBXFileReference; fileEncoding = 4; lastKnownFileType = sourcecode.c.objc; path = FMDatabase.m; sourceTree = "<group>"; };
		119FBC5029EEF1860041694B /* FMDatabaseQueue.m */ = {isa = PBXFileReference; fileEncoding = 4; lastKnownFileType = sourcecode.c.objc; path = FMDatabaseQueue.m; sourceTree = "<group>"; };
		119FBC5129EEF1860041694B /* FMDatabaseAdditions.h */ = {isa = PBXFileReference; fileEncoding = 4; lastKnownFileType = sourcecode.c.h; path = FMDatabaseAdditions.h; sourceTree = "<group>"; };
		119FBC5229EEF1860041694B /* FMDatabasePool.m */ = {isa = PBXFileReference; fileEncoding = 4; lastKnownFileType = sourcecode.c.objc; path = FMDatabasePool.m; sourceTree = "<group>"; };
		119FBC5329EEF1860041694B /* FMDB.h */ = {isa = PBXFileReference; fileEncoding = 4; lastKnownFileType = sourcecode.c.h; path = FMDB.h; sourceTree = "<group>"; };
		119FBC5429EEF1860041694B /* FMDatabase.h */ = {isa = PBXFileReference; fileEncoding = 4; lastKnownFileType = sourcecode.c.h; path = FMDatabase.h; sourceTree = "<group>"; };
		119FBC5529EEF1870041694B /* FMDatabaseAdditions.m */ = {isa = PBXFileReference; fileEncoding = 4; lastKnownFileType = sourcecode.c.objc; path = FMDatabaseAdditions.m; sourceTree = "<group>"; };
		119FBC5629EEF1870041694B /* FMDatabaseQueue.h */ = {isa = PBXFileReference; fileEncoding = 4; lastKnownFileType = sourcecode.c.h; path = FMDatabaseQueue.h; sourceTree = "<group>"; };
		119FBC5729EEF1870041694B /* FMResultSet.h */ = {isa = PBXFileReference; fileEncoding = 4; lastKnownFileType = sourcecode.c.h; path = FMResultSet.h; sourceTree = "<group>"; };
		119FBC5D29EEF21C0041694B /* notlar.sqlite */ = {isa = PBXFileReference; lastKnownFileType = file; path = notlar.sqlite; sourceTree = "<group>"; };
		119FBC5F29EEF2800041694B /* Notlardao.swift */ = {isa = PBXFileReference; lastKnownFileType = sourcecode.swift; path = Notlardao.swift; sourceTree = "<group>"; };
/* End PBXFileReference section */

/* Begin PBXFrameworksBuildPhase section */
		119FBC0B29EEE9A30041694B /* Frameworks */ = {
			isa = PBXFrameworksBuildPhase;
			buildActionMask = 2147483647;
			files = (
				119FBC4B29EEF1780041694B /* libsqlite3.tbd in Frameworks */,
			);
			runOnlyForDeploymentPostprocessing = 0;
		};
		119FBC2129EEE9A40041694B /* Frameworks */ = {
			isa = PBXFrameworksBuildPhase;
			buildActionMask = 2147483647;
			files = (
			);
			runOnlyForDeploymentPostprocessing = 0;
		};
		119FBC2B29EEE9A40041694B /* Frameworks */ = {
			isa = PBXFrameworksBuildPhase;
			buildActionMask = 2147483647;
			files = (
			);
			runOnlyForDeploymentPostprocessing = 0;
		};
/* End PBXFrameworksBuildPhase section */

/* Begin PBXGroup section */
		119FBC0529EEE9A30041694B = {
			isa = PBXGroup;
			children = (
				119FBC1029EEE9A30041694B /* NotUygulamasi */,
				119FBC2729EEE9A40041694B /* NotUygulamasiTests */,
				119FBC3129EEE9A40041694B /* NotUygulamasiUITests */,
				119FBC0F29EEE9A30041694B /* Products */,
				119FBC4929EEF1730041694B /* Frameworks */,
			);
			sourceTree = "<group>";
		};
		119FBC0F29EEE9A30041694B /* Products */ = {
			isa = PBXGroup;
			children = (
				119FBC0E29EEE9A30041694B /* NotUygulamasi.app */,
				119FBC2429EEE9A40041694B /* NotUygulamasiTests.xctest */,
				119FBC2E29EEE9A40041694B /* NotUygulamasiUITests.xctest */,
			);
			name = Products;
			sourceTree = "<group>";
		};
		119FBC1029EEE9A30041694B /* NotUygulamasi */ = {
			isa = PBXGroup;
			children = (
				119FBC5D29EEF21C0041694B /* notlar.sqlite */,
				119FBC1129EEE9A30041694B /* AppDelegate.swift */,
				119FBC1329EEE9A30041694B /* SceneDelegate.swift */,
				119FBC1529EEE9A30041694B /* ViewController.swift */,
				119FBC1729EEE9A30041694B /* Main.storyboard */,
				119FBC1A29EEE9A40041694B /* Assets.xcassets */,
				119FBC1C29EEE9A40041694B /* LaunchScreen.storyboard */,
				119FBC1F29EEE9A40041694B /* Info.plist */,
				119FBC4129EEEAF70041694B /* NotHucreTableViewCell.swift */,
				119FBC4329EEEC3B0041694B /* NotEkleViewController.swift */,
				119FBC4529EEEC500041694B /* NotDetayViewController.swift */,
				119FBC4729EEEE510041694B /* Notlar.swift */,
				119FBC5429EEF1860041694B /* FMDatabase.h */,
				119FBC4F29EEF1860041694B /* FMDatabase.m */,
				119FBC5129EEF1860041694B /* FMDatabaseAdditions.h */,
				119FBC5529EEF1870041694B /* FMDatabaseAdditions.m */,
				119FBC4D29EEF1850041694B /* FMDatabasePool.h */,
				119FBC5229EEF1860041694B /* FMDatabasePool.m */,
				119FBC5629EEF1870041694B /* FMDatabaseQueue.h */,
				119FBC5029EEF1860041694B /* FMDatabaseQueue.m */,
				119FBC5329EEF1860041694B /* FMDB.h */,
				119FBC5729EEF1870041694B /* FMResultSet.h */,
				119FBC4E29EEF1860041694B /* FMResultSet.m */,
				119FBC4C29EEF1850041694B /* NotUygulamasi-Bridging-Header.h */,
				119FBC5F29EEF2800041694B /* Notlardao.swift */,
			);
			path = NotUygulamasi;
			sourceTree = "<group>";
		};
		119FBC2729EEE9A40041694B /* NotUygulamasiTests */ = {
			isa = PBXGroup;
			children = (
				119FBC2829EEE9A40041694B /* NotUygulamasiTests.swift */,
			);
			path = NotUygulamasiTests;
			sourceTree = "<group>";
		};
		119FBC3129EEE9A40041694B /* NotUygulamasiUITests */ = {
			isa = PBXGroup;
			children = (
				119FBC3229EEE9A40041694B /* NotUygulamasiUITests.swift */,
				119FBC3429EEE9A40041694B /* NotUygulamasiUITestsLaunchTests.swift */,
			);
			path = NotUygulamasiUITests;
			sourceTree = "<group>";
		};
		119FBC4929EEF1730041694B /* Frameworks */ = {
			isa = PBXGroup;
			children = (
				119FBC4A29EEF1730041694B /* libsqlite3.tbd */,
			);
			name = Frameworks;
			sourceTree = "<group>";
		};
/* End PBXGroup section */

/* Begin PBXNativeTarget section */
		119FBC0D29EEE9A30041694B /* NotUygulamasi */ = {
			isa = PBXNativeTarget;
			buildConfigurationList = 119FBC3829EEE9A40041694B /* Build configuration list for PBXNativeTarget "NotUygulamasi" */;
			buildPhases = (
				119FBC0A29EEE9A30041694B /* Sources */,
				119FBC0B29EEE9A30041694B /* Frameworks */,
				119FBC0C29EEE9A30041694B /* Resources */,
			);
			buildRules = (
			);
			dependencies = (
			);
			name = NotUygulamasi;
			productName = NotUygulamasi;
			productReference = 119FBC0E29EEE9A30041694B /* NotUygulamasi.app */;
			productType = "com.apple.product-type.application";
		};
		119FBC2329EEE9A40041694B /* NotUygulamasiTests */ = {
			isa = PBXNativeTarget;
			buildConfigurationList = 119FBC3B29EEE9A40041694B /* Build configuration list for PBXNativeTarget "NotUygulamasiTests" */;
			buildPhases = (
				119FBC2029EEE9A40041694B /* Sources */,
				119FBC2129EEE9A40041694B /* Frameworks */,
				119FBC2229EEE9A40041694B /* Resources */,
			);
			buildRules = (
			);
			dependencies = (
				119FBC2629EEE9A40041694B /* PBXTargetDependency */,
			);
			name = NotUygulamasiTests;
			productName = NotUygulamasiTests;
			productReference = 119FBC2429EEE9A40041694B /* NotUygulamasiTests.xctest */;
			productType = "com.apple.product-type.bundle.unit-test";
		};
		119FBC2D29EEE9A40041694B /* NotUygulamasiUITests */ = {
			isa = PBXNativeTarget;
			buildConfigurationList = 119FBC3E29EEE9A40041694B /* Build configuration list for PBXNativeTarget "NotUygulamasiUITests" */;
			buildPhases = (
				119FBC2A29EEE9A40041694B /* Sources */,
				119FBC2B29EEE9A40041694B /* Frameworks */,
				119FBC2C29EEE9A40041694B /* Resources */,
			);
			buildRules = (
			);
			dependencies = (
				119FBC3029EEE9A40041694B /* PBXTargetDependency */,
			);
			name = NotUygulamasiUITests;
			productName = NotUygulamasiUITests;
			productReference = 119FBC2E29EEE9A40041694B /* NotUygulamasiUITests.xctest */;
			productType = "com.apple.product-type.bundle.ui-testing";
		};
/* End PBXNativeTarget section */

/* Begin PBXProject section */
		119FBC0629EEE9A30041694B /* Project object */ = {
			isa = PBXProject;
			attributes = {
				BuildIndependentTargetsInParallel = 1;
				LastSwiftUpdateCheck = 1430;
				LastUpgradeCheck = 1430;
				TargetAttributes = {
					119FBC0D29EEE9A30041694B = {
						CreatedOnToolsVersion = 14.3;
						LastSwiftMigration = 1430;
					};
					119FBC2329EEE9A40041694B = {
						CreatedOnToolsVersion = 14.3;
						TestTargetID = 119FBC0D29EEE9A30041694B;
					};
					119FBC2D29EEE9A40041694B = {
						CreatedOnToolsVersion = 14.3;
						TestTargetID = 119FBC0D29EEE9A30041694B;
					};
				};
			};
			buildConfigurationList = 119FBC0929EEE9A30041694B /* Build configuration list for PBXProject "NotUygulamasi" */;
			compatibilityVersion = "Xcode 14.0";
			developmentRegion = en;
			hasScannedForEncodings = 0;
			knownRegions = (
				en,
				Base,
			);
			mainGroup = 119FBC0529EEE9A30041694B;
			productRefGroup = 119FBC0F29EEE9A30041694B /* Products */;
			projectDirPath = "";
			projectRoot = "";
			targets = (
				119FBC0D29EEE9A30041694B /* NotUygulamasi */,
				119FBC2329EEE9A40041694B /* NotUygulamasiTests */,
				119FBC2D29EEE9A40041694B /* NotUygulamasiUITests */,
			);
		};
/* End PBXProject section */

/* Begin PBXResourcesBuildPhase section */
		119FBC0C29EEE9A30041694B /* Resources */ = {
			isa = PBXResourcesBuildPhase;
			buildActionMask = 2147483647;
			files = (
				119FBC1E29EEE9A40041694B /* LaunchScreen.storyboard in Resources */,
				119FBC5E29EEF21C0041694B /* notlar.sqlite in Resources */,
				119FBC1B29EEE9A40041694B /* Assets.xcassets in Resources */,
				119FBC1929EEE9A30041694B /* Main.storyboard in Resources */,
			);
			runOnlyForDeploymentPostprocessing = 0;
		};
		119FBC2229EEE9A40041694B /* Resources */ = {
			isa = PBXResourcesBuildPhase;
			buildActionMask = 2147483647;
			files = (
			);
			runOnlyForDeploymentPostprocessing = 0;
		};
		119FBC2C29EEE9A40041694B /* Resources */ = {
			isa = PBXResourcesBuildPhase;
			buildActionMask = 2147483647;
			files = (
			);
			runOnlyForDeploymentPostprocessing = 0;
		};
/* End PBXResourcesBuildPhase section */

/* Begin PBXSourcesBuildPhase section */
		119FBC0A29EEE9A30041694B /* Sources */ = {
			isa = PBXSourcesBuildPhase;
			buildActionMask = 2147483647;
			files = (
				119FBC6029EEF2800041694B /* Notlardao.swift in Sources */,
				119FBC1629EEE9A30041694B /* ViewController.swift in Sources */,
				119FBC4829EEEE510041694B /* Notlar.swift in Sources */,
				119FBC4429EEEC3B0041694B /* NotEkleViewController.swift in Sources */,
				119FBC5929EEF1870041694B /* FMDatabase.m in Sources */,
				119FBC4229EEEAF70041694B /* NotHucreTableViewCell.swift in Sources */,
				119FBC5B29EEF1870041694B /* FMDatabasePool.m in Sources */,
				119FBC5A29EEF1870041694B /* FMDatabaseQueue.m in Sources */,
				119FBC1229EEE9A30041694B /* AppDelegate.swift in Sources */,
				119FBC4629EEEC500041694B /* NotDetayViewController.swift in Sources */,
				119FBC5829EEF1870041694B /* FMResultSet.m in Sources */,
				119FBC1429EEE9A30041694B /* SceneDelegate.swift in Sources */,
				119FBC5C29EEF1870041694B /* FMDatabaseAdditions.m in Sources */,
			);
			runOnlyForDeploymentPostprocessing = 0;
		};
		119FBC2029EEE9A40041694B /* Sources */ = {
			isa = PBXSourcesBuildPhase;
			buildActionMask = 2147483647;
			files = (
				119FBC2929EEE9A40041694B /* NotUygulamasiTests.swift in Sources */,
			);
			runOnlyForDeploymentPostprocessing = 0;
		};
		119FBC2A29EEE9A40041694B /* Sources */ = {
			isa = PBXSourcesBuildPhase;
			buildActionMask = 2147483647;
			files = (
				119FBC3329EEE9A40041694B /* NotUygulamasiUITests.swift in Sources */,
				119FBC3529EEE9A40041694B /* NotUygulamasiUITestsLaunchTests.swift in Sources */,
			);
			runOnlyForDeploymentPostprocessing = 0;
		};
/* End PBXSourcesBuildPhase section */

/* Begin PBXTargetDependency section */
		119FBC2629EEE9A40041694B /* PBXTargetDependency */ = {
			isa = PBXTargetDependency;
			target = 119FBC0D29EEE9A30041694B /* NotUygulamasi */;
			targetProxy = 119FBC2529EEE9A40041694B /* PBXContainerItemProxy */;
		};
		119FBC3029EEE9A40041694B /* PBXTargetDependency */ = {
			isa = PBXTargetDependency;
			target = 119FBC0D29EEE9A30041694B /* NotUygulamasi */;
			targetProxy = 119FBC2F29EEE9A40041694B /* PBXContainerItemProxy */;
		};
/* End PBXTargetDependency section */

/* Begin PBXVariantGroup section */
		119FBC1729EEE9A30041694B /* Main.storyboard */ = {
			isa = PBXVariantGroup;
			children = (
				119FBC1829EEE9A30041694B /* Base */,
			);
			name = Main.storyboard;
			sourceTree = "<group>";
		};
		119FBC1C29EEE9A40041694B /* LaunchScreen.storyboard */ = {
			isa = PBXVariantGroup;
			children = (
				119FBC1D29EEE9A40041694B /* Base */,
			);
			name = LaunchScreen.storyboard;
			sourceTree = "<group>";
		};
/* End PBXVariantGroup section */

/* Begin XCBuildConfiguration section */
		119FBC3629EEE9A40041694B /* Debug */ = {
			isa = XCBuildConfiguration;
			buildSettings = {
				ALWAYS_SEARCH_USER_PATHS = NO;
				CLANG_ANALYZER_NONNULL = YES;
				CLANG_ANALYZER_NUMBER_OBJECT_CONVERSION = YES_AGGRESSIVE;
				CLANG_CXX_LANGUAGE_STANDARD = "gnu++20";
				CLANG_ENABLE_MODULES = YES;
				CLANG_ENABLE_OBJC_ARC = YES;
				CLANG_ENABLE_OBJC_WEAK = YES;
				CLANG_WARN_BLOCK_CAPTURE_AUTORELEASING = YES;
				CLANG_WARN_BOOL_CONVERSION = YES;
				CLANG_WARN_COMMA = YES;
				CLANG_WARN_CONSTANT_CONVERSION = YES;
				CLANG_WARN_DEPRECATED_OBJC_IMPLEMENTATIONS = YES;
				CLANG_WARN_DIRECT_OBJC_ISA_USAGE = YES_ERROR;
				CLANG_WARN_DOCUMENTATION_COMMENTS = YES;
				CLANG_WARN_EMPTY_BODY = YES;
				CLANG_WARN_ENUM_CONVERSION = YES;
				CLANG_WARN_INFINITE_RECURSION = YES;
				CLANG_WARN_INT_CONVERSION = YES;
				CLANG_WARN_NON_LITERAL_NULL_CONVERSION = YES;
				CLANG_WARN_OBJC_IMPLICIT_RETAIN_SELF = YES;
				CLANG_WARN_OBJC_LITERAL_CONVERSION = YES;
				CLANG_WARN_OBJC_ROOT_CLASS = YES_ERROR;
				CLANG_WARN_QUOTED_INCLUDE_IN_FRAMEWORK_HEADER = YES;
				CLANG_WARN_RANGE_LOOP_ANALYSIS = YES;
				CLANG_WARN_STRICT_PROTOTYPES = YES;
				CLANG_WARN_SUSPICIOUS_MOVE = YES;
				CLANG_WARN_UNGUARDED_AVAILABILITY = YES_AGGRESSIVE;
				CLANG_WARN_UNREACHABLE_CODE = YES;
				CLANG_WARN__DUPLICATE_METHOD_MATCH = YES;
				COPY_PHASE_STRIP = NO;
				DEBUG_INFORMATION_FORMAT = dwarf;
				ENABLE_STRICT_OBJC_MSGSEND = YES;
				ENABLE_TESTABILITY = YES;
				GCC_C_LANGUAGE_STANDARD = gnu11;
				GCC_DYNAMIC_NO_PIC = NO;
				GCC_NO_COMMON_BLOCKS = YES;
				GCC_OPTIMIZATION_LEVEL = 0;
				GCC_PREPROCESSOR_DEFINITIONS = (
					"DEBUG=1",
					"$(inherited)",
				);
				GCC_WARN_64_TO_32_BIT_CONVERSION = YES;
				GCC_WARN_ABOUT_RETURN_TYPE = YES_ERROR;
				GCC_WARN_UNDECLARED_SELECTOR = YES;
				GCC_WARN_UNINITIALIZED_AUTOS = YES_AGGRESSIVE;
				GCC_WARN_UNUSED_FUNCTION = YES;
				GCC_WARN_UNUSED_VARIABLE = YES;
				IPHONEOS_DEPLOYMENT_TARGET = 16.4;
				MTL_ENABLE_DEBUG_INFO = INCLUDE_SOURCE;
				MTL_FAST_MATH = YES;
				ONLY_ACTIVE_ARCH = YES;
				SDKROOT = iphoneos;
				SWIFT_ACTIVE_COMPILATION_CONDITIONS = DEBUG;
				SWIFT_OPTIMIZATION_LEVEL = "-Onone";
			};
			name = Debug;
		};
		119FBC3729EEE9A40041694B /* Release */ = {
			isa = XCBuildConfiguration;
			buildSettings = {
				ALWAYS_SEARCH_USER_PATHS = NO;
				CLANG_ANALYZER_NONNULL = YES;
				CLANG_ANALYZER_NUMBER_OBJECT_CONVERSION = YES_AGGRESSIVE;
				CLANG_CXX_LANGUAGE_STANDARD = "gnu++20";
				CLANG_ENABLE_MODULES = YES;
				CLANG_ENABLE_OBJC_ARC = YES;
				CLANG_ENABLE_OBJC_WEAK = YES;
				CLANG_WARN_BLOCK_CAPTURE_AUTORELEASING = YES;
				CLANG_WARN_BOOL_CONVERSION = YES;
				CLANG_WARN_COMMA = YES;
				CLANG_WARN_CONSTANT_CONVERSION = YES;
				CLANG_WARN_DEPRECATED_OBJC_IMPLEMENTATIONS = YES;
				CLANG_WARN_DIRECT_OBJC_ISA_USAGE = YES_ERROR;
				CLANG_WARN_DOCUMENTATION_COMMENTS = YES;
				CLANG_WARN_EMPTY_BODY = YES;
				CLANG_WARN_ENUM_CONVERSION = YES;
				CLANG_WARN_INFINITE_RECURSION = YES;
				CLANG_WARN_INT_CONVERSION = YES;
				CLANG_WARN_NON_LITERAL_NULL_CONVERSION = YES;
				CLANG_WARN_OBJC_IMPLICIT_RETAIN_SELF = YES;
				CLANG_WARN_OBJC_LITERAL_CONVERSION = YES;
				CLANG_WARN_OBJC_ROOT_CLASS = YES_ERROR;
				CLANG_WARN_QUOTED_INCLUDE_IN_FRAMEWORK_HEADER = YES;
				CLANG_WARN_RANGE_LOOP_ANALYSIS = YES;
				CLANG_WARN_STRICT_PROTOTYPES = YES;
				CLANG_WARN_SUSPICIOUS_MOVE = YES;
				CLANG_WARN_UNGUARDED_AVAILABILITY = YES_AGGRESSIVE;
				CLANG_WARN_UNREACHABLE_CODE = YES;
				CLANG_WARN__DUPLICATE_METHOD_MATCH = YES;
				COPY_PHASE_STRIP = NO;
				DEBUG_INFORMATION_FORMAT = "dwarf-with-dsym";
				ENABLE_NS_ASSERTIONS = NO;
				ENABLE_STRICT_OBJC_MSGSEND = YES;
				GCC_C_LANGUAGE_STANDARD = gnu11;
				GCC_NO_COMMON_BLOCKS = YES;
				GCC_WARN_64_TO_32_BIT_CONVERSION = YES;
				GCC_WARN_ABOUT_RETURN_TYPE = YES_ERROR;
				GCC_WARN_UNDECLARED_SELECTOR = YES;
				GCC_WARN_UNINITIALIZED_AUTOS = YES_AGGRESSIVE;
				GCC_WARN_UNUSED_FUNCTION = YES;
				GCC_WARN_UNUSED_VARIABLE = YES;
				IPHONEOS_DEPLOYMENT_TARGET = 16.4;
				MTL_ENABLE_DEBUG_INFO = NO;
				MTL_FAST_MATH = YES;
				SDKROOT = iphoneos;
				SWIFT_COMPILATION_MODE = wholemodule;
				SWIFT_OPTIMIZATION_LEVEL = "-O";
				VALIDATE_PRODUCT = YES;
			};
			name = Release;
		};
		119FBC3929EEE9A40041694B /* Debug */ = {
			isa = XCBuildConfiguration;
			buildSettings = {
				ASSETCATALOG_COMPILER_APPICON_NAME = AppIcon;
				ASSETCATALOG_COMPILER_GLOBAL_ACCENT_COLOR_NAME = AccentColor;
				CLANG_ENABLE_MODULES = YES;
				CODE_SIGN_STYLE = Automatic;
				CURRENT_PROJECT_VERSION = 1;
				GENERATE_INFOPLIST_FILE = YES;
				INFOPLIST_FILE = NotUygulamasi/Info.plist;
				INFOPLIST_KEY_UIApplicationSupportsIndirectInputEvents = YES;
				INFOPLIST_KEY_UILaunchStoryboardName = LaunchScreen;
				INFOPLIST_KEY_UIMainStoryboardFile = Main;
				INFOPLIST_KEY_UISupportedInterfaceOrientations_iPad = "UIInterfaceOrientationPortrait UIInterfaceOrientationPortraitUpsideDown UIInterfaceOrientationLandscapeLeft UIInterfaceOrientationLandscapeRight";
				INFOPLIST_KEY_UISupportedInterfaceOrientations_iPhone = "UIInterfaceOrientationPortrait UIInterfaceOrientationLandscapeLeft UIInterfaceOrientationLandscapeRight";
				LD_RUNPATH_SEARCH_PATHS = (
					"$(inherited)",
					"@executable_path/Frameworks",
				);
				MARKETING_VERSION = 1.0;
				PRODUCT_BUNDLE_IDENTIFIER = bartukaraa.NotUygulamasi;
				PRODUCT_NAME = "$(TARGET_NAME)";
				SWIFT_EMIT_LOC_STRINGS = YES;
				SWIFT_OBJC_BRIDGING_HEADER = "NotUygulamasi/NotUygulamasi-Bridging-Header.h";
				SWIFT_OPTIMIZATION_LEVEL = "-Onone";
				SWIFT_VERSION = 5.0;
				TARGETED_DEVICE_FAMILY = "1,2";
			};
			name = Debug;
		};
		119FBC3A29EEE9A40041694B /* Release */ = {
			isa = XCBuildConfiguration;
			buildSettings = {
				ASSETCATALOG_COMPILER_APPICON_NAME = AppIcon;
				ASSETCATALOG_COMPILER_GLOBAL_ACCENT_COLOR_NAME = AccentColor;
				CLANG_ENABLE_MODULES = YES;
				CODE_SIGN_STYLE = Automatic;
				CURRENT_PROJECT_VERSION = 1;
				GENERATE_INFOPLIST_FILE = YES;
				INFOPLIST_FILE = NotUygulamasi/Info.plist;
				INFOPLIST_KEY_UIApplicationSupportsIndirectInputEvents = YES;
				INFOPLIST_KEY_UILaunchStoryboardName = LaunchScreen;
				INFOPLIST_KEY_UIMainStoryboardFile = Main;
				INFOPLIST_KEY_UISupportedInterfaceOrientations_iPad = "UIInterfaceOrientationPortrait UIInterfaceOrientationPortraitUpsideDown UIInterfaceOrientationLandscapeLeft UIInterfaceOrientationLandscapeRight";
				INFOPLIST_KEY_UISupportedInterfaceOrientations_iPhone = "UIInterfaceOrientationPortrait UIInterfaceOrientationLandscapeLeft UIInterfaceOrientationLandscapeRight";
				LD_RUNPATH_SEARCH_PATHS = (
					"$(inherited)",
					"@executable_path/Frameworks",
				);
				MARKETING_VERSION = 1.0;
				PRODUCT_BUNDLE_IDENTIFIER = bartukaraa.NotUygulamasi;
				PRODUCT_NAME = "$(TARGET_NAME)";
				SWIFT_EMIT_LOC_STRINGS = YES;
				SWIFT_OBJC_BRIDGING_HEADER = "NotUygulamasi/NotUygulamasi-Bridging-Header.h";
				SWIFT_VERSION = 5.0;
				TARGETED_DEVICE_FAMILY = "1,2";
			};
			name = Release;
		};
		119FBC3C29EEE9A40041694B /* Debug */ = {
			isa = XCBuildConfiguration;
			buildSettings = {
				ALWAYS_EMBED_SWIFT_STANDARD_LIBRARIES = YES;
				BUNDLE_LOADER = "$(TEST_HOST)";
				CODE_SIGN_STYLE = Automatic;
				CURRENT_PROJECT_VERSION = 1;
				GENERATE_INFOPLIST_FILE = YES;
				IPHONEOS_DEPLOYMENT_TARGET = 16.4;
				MARKETING_VERSION = 1.0;
				PRODUCT_BUNDLE_IDENTIFIER = bartukaraa.NotUygulamasiTests;
				PRODUCT_NAME = "$(TARGET_NAME)";
				SWIFT_EMIT_LOC_STRINGS = NO;
				SWIFT_VERSION = 5.0;
				TARGETED_DEVICE_FAMILY = "1,2";
				TEST_HOST = "$(BUILT_PRODUCTS_DIR)/NotUygulamasi.app/$(BUNDLE_EXECUTABLE_FOLDER_PATH)/NotUygulamasi";
			};
			name = Debug;
		};
		119FBC3D29EEE9A40041694B /* Release */ = {
			isa = XCBuildConfiguration;
			buildSettings = {
				ALWAYS_EMBED_SWIFT_STANDARD_LIBRARIES = YES;
				BUNDLE_LOADER = "$(TEST_HOST)";
				CODE_SIGN_STYLE = Automatic;
				CURRENT_PROJECT_VERSION = 1;
				GENERATE_INFOPLIST_FILE = YES;
				IPHONEOS_DEPLOYMENT_TARGET = 16.4;
				MARKETING_VERSION = 1.0;
				PRODUCT_BUNDLE_IDENTIFIER = bartukaraa.NotUygulamasiTests;
				PRODUCT_NAME = "$(TARGET_NAME)";
				SWIFT_EMIT_LOC_STRINGS = NO;
				SWIFT_VERSION = 5.0;
				TARGETED_DEVICE_FAMILY = "1,2";
				TEST_HOST = "$(BUILT_PRODUCTS_DIR)/NotUygulamasi.app/$(BUNDLE_EXECUTABLE_FOLDER_PATH)/NotUygulamasi";
			};
			name = Release;
		};
		119FBC3F29EEE9A40041694B /* Debug */ = {
			isa = XCBuildConfiguration;
			buildSettings = {
				ALWAYS_EMBED_SWIFT_STANDARD_LIBRARIES = YES;
				CODE_SIGN_STYLE = Automatic;
				CURRENT_PROJECT_VERSION = 1;
				GENERATE_INFOPLIST_FILE = YES;
				MARKETING_VERSION = 1.0;
				PRODUCT_BUNDLE_IDENTIFIER = bartukaraa.NotUygulamasiUITests;
				PRODUCT_NAME = "$(TARGET_NAME)";
				SWIFT_EMIT_LOC_STRINGS = NO;
				SWIFT_VERSION = 5.0;
				TARGETED_DEVICE_FAMILY = "1,2";
				TEST_TARGET_NAME = NotUygulamasi;
			};
			name = Debug;
		};
		119FBC4029EEE9A40041694B /* Release */ = {
			isa = XCBuildConfiguration;
			buildSettings = {
				ALWAYS_EMBED_SWIFT_STANDARD_LIBRARIES = YES;
				CODE_SIGN_STYLE = Automatic;
				CURRENT_PROJECT_VERSION = 1;
				GENERATE_INFOPLIST_FILE = YES;
				MARKETING_VERSION = 1.0;
				PRODUCT_BUNDLE_IDENTIFIER = bartukaraa.NotUygulamasiUITests;
				PRODUCT_NAME = "$(TARGET_NAME)";
				SWIFT_EMIT_LOC_STRINGS = NO;
				SWIFT_VERSION = 5.0;
				TARGETED_DEVICE_FAMILY = "1,2";
				TEST_TARGET_NAME = NotUygulamasi;
			};
			name = Release;
		};
/* End XCBuildConfiguration section */

/* Begin XCConfigurationList section */
		119FBC0929EEE9A30041694B /* Build configuration list for PBXProject "NotUygulamasi" */ = {
			isa = XCConfigurationList;
			buildConfigurations = (
				119FBC3629EEE9A40041694B /* Debug */,
				119FBC3729EEE9A40041694B /* Release */,
			);
			defaultConfigurationIsVisible = 0;
			defaultConfigurationName = Release;
		};
		119FBC3829EEE9A40041694B /* Build configuration list for PBXNativeTarget "NotUygulamasi" */ = {
			isa = XCConfigurationList;
			buildConfigurations = (
				119FBC3929EEE9A40041694B /* Debug */,
				119FBC3A29EEE9A40041694B /* Release */,
			);
			defaultConfigurationIsVisible = 0;
			defaultConfigurationName = Release;
		};
		119FBC3B29EEE9A40041694B /* Build configuration list for PBXNativeTarget "NotUygulamasiTests" */ = {
			isa = XCConfigurationList;
			buildConfigurations = (
				119FBC3C29EEE9A40041694B /* Debug */,
				119FBC3D29EEE9A40041694B /* Release */,
			);
			defaultConfigurationIsVisible = 0;
			defaultConfigurationName = Release;
		};
		119FBC3E29EEE9A40041694B /* Build configuration list for PBXNativeTarget "NotUygulamasiUITests" */ = {
			isa = XCConfigurationList;
			buildConfigurations = (
				119FBC3F29EEE9A40041694B /* Debug */,
				119FBC4029EEE9A40041694B /* Release */,
			);
			defaultConfigurationIsVisible = 0;
			defaultConfigurationName = Release;
		};
/* End XCConfigurationList section */
	};
	rootObject = 119FBC0629EEE9A30041694B /* Project object */;
}
